// !$*UTF8*$!
{
	archiveVersion = 1;
	classes = {
	};
	objectVersion = 46;
	objects = {

/* Begin PBXBuildFile section */
		9520749C15D2F76D00E0D0CB /* ORGMPlayerViewController.m in Sources */ = {isa = PBXBuildFile; fileRef = 9520749A15D2F76D00E0D0CB /* ORGMPlayerViewController.m */; };
		9520749D15D2F76D00E0D0CB /* ORGMPlayerViewController.xib in Resources */ = {isa = PBXBuildFile; fileRef = 9520749B15D2F76D00E0D0CB /* ORGMPlayerViewController.xib */; };
		959B57A415CEDDA700D44955 /* UIKit.framework in Frameworks */ = {isa = PBXBuildFile; fileRef = 959B57A315CEDDA700D44955 /* UIKit.framework */; };
		959B57A615CEDDA700D44955 /* Foundation.framework in Frameworks */ = {isa = PBXBuildFile; fileRef = 959B57A515CEDDA700D44955 /* Foundation.framework */; };
		959B57A815CEDDA700D44955 /* CoreGraphics.framework in Frameworks */ = {isa = PBXBuildFile; fileRef = 959B57A715CEDDA700D44955 /* CoreGraphics.framework */; };
		959B57AE15CEDDA700D44955 /* InfoPlist.strings in Resources */ = {isa = PBXBuildFile; fileRef = 959B57AC15CEDDA700D44955 /* InfoPlist.strings */; };
		959B57B015CEDDA700D44955 /* main.m in Sources */ = {isa = PBXBuildFile; fileRef = 959B57AF15CEDDA700D44955 /* main.m */; };
		959B57B415CEDDA700D44955 /* ORGMAppDelegate.m in Sources */ = {isa = PBXBuildFile; fileRef = 959B57B315CEDDA700D44955 /* ORGMAppDelegate.m */; };
		959B587515CEE40100D44955 /* libOrigamiEngine.a in Frameworks */ = {isa = PBXBuildFile; fileRef = 959B587415CEE40100D44955 /* libOrigamiEngine.a */; };
		959B587715CEE49B00D44955 /* AVFoundation.framework in Frameworks */ = {isa = PBXBuildFile; fileRef = 959B587615CEE49B00D44955 /* AVFoundation.framework */; };
		959B587915CEE4A100D44955 /* AudioToolbox.framework in Frameworks */ = {isa = PBXBuildFile; fileRef = 959B587815CEE4A100D44955 /* AudioToolbox.framework */; };
		959B587B15CEE4B300D44955 /* FLAC.framework in Frameworks */ = {isa = PBXBuildFile; fileRef = 959B587A15CEE4B300D44955 /* FLAC.framework */; };
/* End PBXBuildFile section */

/* Begin PBXFileReference section */
		9520749915D2F76D00E0D0CB /* ORGMPlayerViewController.h */ = {isa = PBXFileReference; fileEncoding = 4; lastKnownFileType = sourcecode.c.h; path = ORGMPlayerViewController.h; sourceTree = "<group>"; };
		9520749A15D2F76D00E0D0CB /* ORGMPlayerViewController.m */ = {isa = PBXFileReference; fileEncoding = 4; lastKnownFileType = sourcecode.c.objc; path = ORGMPlayerViewController.m; sourceTree = "<group>"; };
		9520749B15D2F76D00E0D0CB /* ORGMPlayerViewController.xib */ = {isa = PBXFileReference; fileEncoding = 4; lastKnownFileType = file.xib; path = ORGMPlayerViewController.xib; sourceTree = "<group>"; };
		959B579F15CEDDA700D44955 /* ORGMEngine Example.app */ = {isa = PBXFileReference; explicitFileType = wrapper.application; includeInIndex = 0; path = "ORGMEngine Example.app"; sourceTree = BUILT_PRODUCTS_DIR; };
		959B57A315CEDDA700D44955 /* UIKit.framework */ = {isa = PBXFileReference; lastKnownFileType = wrapper.framework; name = UIKit.framework; path = System/Library/Frameworks/UIKit.framework; sourceTree = SDKROOT; };
		959B57A515CEDDA700D44955 /* Foundation.framework */ = {isa = PBXFileReference; lastKnownFileType = wrapper.framework; name = Foundation.framework; path = System/Library/Frameworks/Foundation.framework; sourceTree = SDKROOT; };
		959B57A715CEDDA700D44955 /* CoreGraphics.framework */ = {isa = PBXFileReference; lastKnownFileType = wrapper.framework; name = CoreGraphics.framework; path = System/Library/Frameworks/CoreGraphics.framework; sourceTree = SDKROOT; };
		959B57AB15CEDDA700D44955 /* ORGMEngine Example-Info.plist */ = {isa = PBXFileReference; lastKnownFileType = text.plist.xml; path = "ORGMEngine Example-Info.plist"; sourceTree = "<group>"; };
		959B57AD15CEDDA700D44955 /* en */ = {isa = PBXFileReference; lastKnownFileType = text.plist.strings; name = en; path = en.lproj/InfoPlist.strings; sourceTree = "<group>"; };
		959B57AF15CEDDA700D44955 /* main.m */ = {isa = PBXFileReference; lastKnownFileType = sourcecode.c.objc; path = main.m; sourceTree = "<group>"; };
		959B57B115CEDDA700D44955 /* ORGMEngine Example-Prefix.pch */ = {isa = PBXFileReference; lastKnownFileType = sourcecode.c.h; path = "ORGMEngine Example-Prefix.pch"; sourceTree = "<group>"; };
		959B57B215CEDDA700D44955 /* ORGMAppDelegate.h */ = {isa = PBXFileReference; lastKnownFileType = sourcecode.c.h; path = ORGMAppDelegate.h; sourceTree = "<group>"; };
		959B57B315CEDDA700D44955 /* ORGMAppDelegate.m */ = {isa = PBXFileReference; lastKnownFileType = sourcecode.c.objc; path = ORGMAppDelegate.m; sourceTree = "<group>"; };
		959B57BB15CEDDA700D44955 /* SenTestingKit.framework */ = {isa = PBXFileReference; lastKnownFileType = wrapper.framework; name = SenTestingKit.framework; path = Library/Frameworks/SenTestingKit.framework; sourceTree = DEVELOPER_DIR; };
		959B587415CEE40100D44955 /* libOrigamiEngine.a */ = {isa = PBXFileReference; lastKnownFileType = archive.ar; name = libOrigamiEngine.a; path = "../OrigamiEngine/build/Release-iphoneos/libOrigamiEngine.a"; sourceTree = "<group>"; };
		959B587615CEE49B00D44955 /* AVFoundation.framework */ = {isa = PBXFileReference; lastKnownFileType = wrapper.framework; name = AVFoundation.framework; path = System/Library/Frameworks/AVFoundation.framework; sourceTree = SDKROOT; };
		959B587815CEE4A100D44955 /* AudioToolbox.framework */ = {isa = PBXFileReference; lastKnownFileType = wrapper.framework; name = AudioToolbox.framework; path = System/Library/Frameworks/AudioToolbox.framework; sourceTree = SDKROOT; };
		959B587A15CEE4B300D44955 /* FLAC.framework */ = {isa = PBXFileReference; lastKnownFileType = wrapper.framework; name = FLAC.framework; path = "../Audio-Frameworks/FLAC/FLAC.framework"; sourceTree = "<group>"; };
/* End PBXFileReference section */

/* Begin PBXFrameworksBuildPhase section */
		959B579C15CEDDA700D44955 /* Frameworks */ = {
			isa = PBXFrameworksBuildPhase;
			buildActionMask = 2147483647;
			files = (
				959B587B15CEE4B300D44955 /* FLAC.framework in Frameworks */,
				959B587915CEE4A100D44955 /* AudioToolbox.framework in Frameworks */,
				959B587715CEE49B00D44955 /* AVFoundation.framework in Frameworks */,
				959B587515CEE40100D44955 /* libOrigamiEngine.a in Frameworks */,
				959B57A415CEDDA700D44955 /* UIKit.framework in Frameworks */,
				959B57A615CEDDA700D44955 /* Foundation.framework in Frameworks */,
				959B57A815CEDDA700D44955 /* CoreGraphics.framework in Frameworks */,
			);
			runOnlyForDeploymentPostprocessing = 0;
		};
/* End PBXFrameworksBuildPhase section */

/* Begin PBXGroup section */
		959B579415CEDDA700D44955 = {
			isa = PBXGroup;
			children = (
				959B57A915CEDDA700D44955 /* ORGMEngine Example */,
				959B57A215CEDDA700D44955 /* Frameworks */,
				959B57A015CEDDA700D44955 /* Products */,
			);
			sourceTree = "<group>";
		};
		959B57A015CEDDA700D44955 /* Products */ = {
			isa = PBXGroup;
			children = (
				959B579F15CEDDA700D44955 /* ORGMEngine Example.app */,
			);
			name = Products;
			sourceTree = "<group>";
		};
		959B57A215CEDDA700D44955 /* Frameworks */ = {
			isa = PBXGroup;
			children = (
				959B587A15CEE4B300D44955 /* FLAC.framework */,
				959B587815CEE4A100D44955 /* AudioToolbox.framework */,
				959B587615CEE49B00D44955 /* AVFoundation.framework */,
				959B587415CEE40100D44955 /* libOrigamiEngine.a */,
				959B57A315CEDDA700D44955 /* UIKit.framework */,
				959B57A515CEDDA700D44955 /* Foundation.framework */,
				959B57A715CEDDA700D44955 /* CoreGraphics.framework */,
				959B57BB15CEDDA700D44955 /* SenTestingKit.framework */,
			);
			name = Frameworks;
			sourceTree = "<group>";
		};
		959B57A915CEDDA700D44955 /* ORGMEngine Example */ = {
			isa = PBXGroup;
			children = (
				959B57B215CEDDA700D44955 /* ORGMAppDelegate.h */,
				959B57B315CEDDA700D44955 /* ORGMAppDelegate.m */,
				9520749915D2F76D00E0D0CB /* ORGMPlayerViewController.h */,
				9520749A15D2F76D00E0D0CB /* ORGMPlayerViewController.m */,
				9520749B15D2F76D00E0D0CB /* ORGMPlayerViewController.xib */,
				959B57AA15CEDDA700D44955 /* Supporting Files */,
			);
			path = "ORGMEngine Example";
			sourceTree = "<group>";
		};
		959B57AA15CEDDA700D44955 /* Supporting Files */ = {
			isa = PBXGroup;
			children = (
				959B57AB15CEDDA700D44955 /* ORGMEngine Example-Info.plist */,
				959B57AC15CEDDA700D44955 /* InfoPlist.strings */,
				959B57AF15CEDDA700D44955 /* main.m */,
				959B57B115CEDDA700D44955 /* ORGMEngine Example-Prefix.pch */,
			);
			name = "Supporting Files";
			sourceTree = "<group>";
		};
/* End PBXGroup section */

/* Begin PBXNativeTarget section */
		959B579E15CEDDA700D44955 /* ORGMEngine Example */ = {
			isa = PBXNativeTarget;
			buildConfigurationList = 959B57CC15CEDDA700D44955 /* Build configuration list for PBXNativeTarget "ORGMEngine Example" */;
			buildPhases = (
				959B579B15CEDDA700D44955 /* Sources */,
				959B579C15CEDDA700D44955 /* Frameworks */,
				959B579D15CEDDA700D44955 /* Resources */,
			);
			buildRules = (
			);
			dependencies = (
			);
			name = "ORGMEngine Example";
			productName = "ORGMEngine Example";
			productReference = 959B579F15CEDDA700D44955 /* ORGMEngine Example.app */;
			productType = "com.apple.product-type.application";
		};
/* End PBXNativeTarget section */

/* Begin PBXProject section */
		959B579615CEDDA700D44955 /* Project object */ = {
			isa = PBXProject;
			attributes = {
				CLASSPREFIX = ORGM;
				LastUpgradeCheck = 0440;
				ORGANIZATIONNAME = ap4y;
			};
			buildConfigurationList = 959B579915CEDDA700D44955 /* Build configuration list for PBXProject "ORGMEngine Example" */;
			compatibilityVersion = "Xcode 3.2";
			developmentRegion = English;
			hasScannedForEncodings = 0;
			knownRegions = (
				en,
			);
			mainGroup = 959B579415CEDDA700D44955;
			productRefGroup = 959B57A015CEDDA700D44955 /* Products */;
			projectDirPath = "";
			projectRoot = "";
			targets = (
				959B579E15CEDDA700D44955 /* ORGMEngine Example */,
			);
		};
/* End PBXProject section */

/* Begin PBXResourcesBuildPhase section */
		959B579D15CEDDA700D44955 /* Resources */ = {
			isa = PBXResourcesBuildPhase;
			buildActionMask = 2147483647;
			files = (
				959B57AE15CEDDA700D44955 /* InfoPlist.strings in Resources */,
				9520749D15D2F76D00E0D0CB /* ORGMPlayerViewController.xib in Resources */,
			);
			runOnlyForDeploymentPostprocessing = 0;
		};
/* End PBXResourcesBuildPhase section */

/* Begin PBXSourcesBuildPhase section */
		959B579B15CEDDA700D44955 /* Sources */ = {
			isa = PBXSourcesBuildPhase;
			buildActionMask = 2147483647;
			files = (
				959B57B015CEDDA700D44955 /* main.m in Sources */,
				959B57B415CEDDA700D44955 /* ORGMAppDelegate.m in Sources */,
				9520749C15D2F76D00E0D0CB /* ORGMPlayerViewController.m in Sources */,
			);
			runOnlyForDeploymentPostprocessing = 0;
		};
/* End PBXSourcesBuildPhase section */

/* Begin PBXVariantGroup section */
		959B57AC15CEDDA700D44955 /* InfoPlist.strings */ = {
			isa = PBXVariantGroup;
			children = (
				959B57AD15CEDDA700D44955 /* en */,
			);
			name = InfoPlist.strings;
			sourceTree = "<group>";
		};
/* End PBXVariantGroup section */

/* Begin XCBuildConfiguration section */
		959B57CA15CEDDA700D44955 /* Debug */ = {
			isa = XCBuildConfiguration;
			buildSettings = {
				ALWAYS_SEARCH_USER_PATHS = NO;
				ARCHS = "$(ARCHS_STANDARD_32_BIT)";
				CLANG_CXX_LANGUAGE_STANDARD = "gnu++0x";
				CLANG_ENABLE_OBJC_ARC = YES;
				CLANG_WARN__DUPLICATE_METHOD_MATCH = YES;
				"CODE_SIGN_IDENTITY[sdk=iphoneos*]" = "iPhone Developer";
				COPY_PHASE_STRIP = NO;
				GCC_C_LANGUAGE_STANDARD = gnu99;
				GCC_DYNAMIC_NO_PIC = NO;
				GCC_OPTIMIZATION_LEVEL = 0;
				GCC_PREPROCESSOR_DEFINITIONS = (
					"DEBUG=1",
					"$(inherited)",
				);
				GCC_SYMBOLS_PRIVATE_EXTERN = NO;
				GCC_VERSION = com.apple.compilers.llvm.clang.1_0;
				GCC_WARN_ABOUT_RETURN_TYPE = YES;
				GCC_WARN_UNINITIALIZED_AUTOS = YES;
				GCC_WARN_UNUSED_VARIABLE = YES;
				IPHONEOS_DEPLOYMENT_TARGET = 5.1;
				SDKROOT = iphoneos;
			};
			name = Debug;
		};
		959B57CB15CEDDA700D44955 /* Release */ = {
			isa = XCBuildConfiguration;
			buildSettings = {
				ALWAYS_SEARCH_USER_PATHS = NO;
				ARCHS = "$(ARCHS_STANDARD_32_BIT)";
				CLANG_CXX_LANGUAGE_STANDARD = "gnu++0x";
				CLANG_ENABLE_OBJC_ARC = YES;
				CLANG_WARN__DUPLICATE_METHOD_MATCH = YES;
				"CODE_SIGN_IDENTITY[sdk=iphoneos*]" = "iPhone Developer";
				COPY_PHASE_STRIP = YES;
				GCC_C_LANGUAGE_STANDARD = gnu99;
				GCC_VERSION = com.apple.compilers.llvm.clang.1_0;
				GCC_WARN_ABOUT_RETURN_TYPE = YES;
				GCC_WARN_UNINITIALIZED_AUTOS = YES;
				GCC_WARN_UNUSED_VARIABLE = YES;
				IPHONEOS_DEPLOYMENT_TARGET = 5.1;
				OTHER_CFLAGS = "-DNS_BLOCK_ASSERTIONS=1";
				SDKROOT = iphoneos;
				VALIDATE_PRODUCT = YES;
			};
			name = Release;
		};
		959B57CD15CEDDA700D44955 /* Debug */ = {
			isa = XCBuildConfiguration;
			buildSettings = {
				CLANG_ENABLE_OBJC_ARC = YES;
				CLANG_WARN_OBJCPP_ARC_ABI = YES;
				FRAMEWORK_SEARCH_PATHS = (
					"$(inherited)",
					"\"$(SRCROOT)/../Audio-Frameworks/FLAC\"",
				);
				GCC_PRECOMPILE_PREFIX_HEADER = YES;
				GCC_PREFIX_HEADER = "ORGMEngine Example/ORGMEngine Example-Prefix.pch";
				HEADER_SEARCH_PATHS = ../OrigamiEngine/OrigamiEngine;
				INFOPLIST_FILE = "ORGMEngine Example/ORGMEngine Example-Info.plist";
				PRODUCT_NAME = "$(TARGET_NAME)";
				WRAPPER_EXTENSION = app;
			};
			name = Debug;
		};
		959B57CE15CEDDA700D44955 /* Release */ = {
			isa = XCBuildConfiguration;
			buildSettings = {
				CLANG_ENABLE_OBJC_ARC = YES;
				CLANG_WARN_OBJCPP_ARC_ABI = YES;
				FRAMEWORK_SEARCH_PATHS = (
					"$(inherited)",
					"\"$(SRCROOT)/../Audio-Frameworks/FLAC\"",
				);
				GCC_PRECOMPILE_PREFIX_HEADER = YES;
				GCC_PREFIX_HEADER = "ORGMEngine Example/ORGMEngine Example-Prefix.pch";
				HEADER_SEARCH_PATHS = ../OrigamiEngine/OrigamiEngine;
				INFOPLIST_FILE = "ORGMEngine Example/ORGMEngine Example-Info.plist";
				PRODUCT_NAME = "$(TARGET_NAME)";
				WRAPPER_EXTENSION = app;
			};
			name = Release;
		};
/* End XCBuildConfiguration section */

/* Begin XCConfigurationList section */
		959B579915CEDDA700D44955 /* Build configuration list for PBXProject "ORGMEngine Example" */ = {
			isa = XCConfigurationList;
			buildConfigurations = (
				959B57CA15CEDDA700D44955 /* Debug */,
				959B57CB15CEDDA700D44955 /* Release */,
			);
			defaultConfigurationIsVisible = 0;
			defaultConfigurationName = Release;
		};
		959B57CC15CEDDA700D44955 /* Build configuration list for PBXNativeTarget "ORGMEngine Example" */ = {
			isa = XCConfigurationList;
			buildConfigurations = (
				959B57CD15CEDDA700D44955 /* Debug */,
				959B57CE15CEDDA700D44955 /* Release */,
			);
			defaultConfigurationIsVisible = 0;
			defaultConfigurationName = Release;
		};
/* End XCConfigurationList section */
	};
	rootObject = 959B579615CEDDA700D44955 /* Project object */;
}
