// !$*UTF8*$!
{
	archiveVersion = 1;
	classes = {
	};
	objectVersion = 46;
	objects = {

/* Begin PBXBuildFile section */
		9502C33516C596C70054F4E3 /* Cocoa.framework in Frameworks */ = {isa = PBXBuildFile; fileRef = 9502C33416C596C60054F4E3 /* Cocoa.framework */; };
		9502C34116C596C70054F4E3 /* main.m in Sources */ = {isa = PBXBuildFile; fileRef = 9502C34016C596C70054F4E3 /* main.m */; };
		9502C34816C596C70054F4E3 /* AppDelegate.m in Sources */ = {isa = PBXBuildFile; fileRef = 9502C34716C596C70054F4E3 /* AppDelegate.m */; };
		9502C34B16C596C70054F4E3 /* MainMenu.xib in Resources */ = {isa = PBXBuildFile; fileRef = 9502C34916C596C70054F4E3 /* MainMenu.xib */; };
		9502C35C16C599050054F4E3 /* AudioUnit.framework in Frameworks */ = {isa = PBXBuildFile; fileRef = 9502C35B16C599050054F4E3 /* AudioUnit.framework */; };
		9502C35E16C5990B0054F4E3 /* AudioToolbox.framework in Frameworks */ = {isa = PBXBuildFile; fileRef = 9502C35D16C5990B0054F4E3 /* AudioToolbox.framework */; };
		9502C36016C599130054F4E3 /* AVFoundation.framework in Frameworks */ = {isa = PBXBuildFile; fileRef = 9502C35F16C599130054F4E3 /* AVFoundation.framework */; };
		9502C36816C59EAF0054F4E3 /* FLAC.framework in Frameworks */ = {isa = PBXBuildFile; fileRef = 9502C35916C598A30054F4E3 /* FLAC.framework */; };
		9502C37216C5A05C0054F4E3 /* PlayerViewController.m in Sources */ = {isa = PBXBuildFile; fileRef = 9502C37016C5A05C0054F4E3 /* PlayerViewController.m */; };
		9502C37316C5A05C0054F4E3 /* PlayerViewController.xib in Resources */ = {isa = PBXBuildFile; fileRef = 9502C37116C5A05C0054F4E3 /* PlayerViewController.xib */; };
		9502C37916C5CECD0054F4E3 /* OrigamiEngine.framework in Frameworks */ = {isa = PBXBuildFile; fileRef = 9502C37816C5CECD0054F4E3 /* OrigamiEngine.framework */; };
		952F657B16F06A7C00127423 /* FLAC.framework in CopyFiles */ = {isa = PBXBuildFile; fileRef = 9502C35916C598A30054F4E3 /* FLAC.framework */; };
/* End PBXBuildFile section */

/* Begin PBXCopyFilesBuildPhase section */
		952F657A16F06A7400127423 /* CopyFiles */ = {
			isa = PBXCopyFilesBuildPhase;
			buildActionMask = 2147483647;
			dstPath = "";
			dstSubfolderSpec = 10;
			files = (
				952F657B16F06A7C00127423 /* FLAC.framework in CopyFiles */,
			);
			runOnlyForDeploymentPostprocessing = 0;
		};
/* End PBXCopyFilesBuildPhase section */

/* Begin PBXFileReference section */
		9502C33116C596C60054F4E3 /* OrigamiEngine Example.app */ = {isa = PBXFileReference; explicitFileType = wrapper.application; includeInIndex = 0; path = "OrigamiEngine Example.app"; sourceTree = BUILT_PRODUCTS_DIR; };
		9502C33416C596C60054F4E3 /* Cocoa.framework */ = {isa = PBXFileReference; lastKnownFileType = wrapper.framework; name = Cocoa.framework; path = System/Library/Frameworks/Cocoa.framework; sourceTree = SDKROOT; };
		9502C33C16C596C70054F4E3 /* OrigamiEngine Example-Info.plist */ = {isa = PBXFileReference; lastKnownFileType = text.plist.xml; path = "OrigamiEngine Example-Info.plist"; sourceTree = "<group>"; };
		9502C34016C596C70054F4E3 /* main.m */ = {isa = PBXFileReference; lastKnownFileType = sourcecode.c.objc; path = main.m; sourceTree = "<group>"; };
		9502C34216C596C70054F4E3 /* OrigamiEngine Example-Prefix.pch */ = {isa = PBXFileReference; lastKnownFileType = sourcecode.c.h; path = "OrigamiEngine Example-Prefix.pch"; sourceTree = "<group>"; };
		9502C34616C596C70054F4E3 /* AppDelegate.h */ = {isa = PBXFileReference; lastKnownFileType = sourcecode.c.h; path = AppDelegate.h; sourceTree = "<group>"; };
		9502C34716C596C70054F4E3 /* AppDelegate.m */ = {isa = PBXFileReference; lastKnownFileType = sourcecode.c.objc; path = AppDelegate.m; sourceTree = "<group>"; };
		9502C34A16C596C70054F4E3 /* en */ = {isa = PBXFileReference; lastKnownFileType = file.xib; name = en; path = en.lproj/MainMenu.xib; sourceTree = "<group>"; };
		9502C35916C598A30054F4E3 /* FLAC.framework */ = {isa = PBXFileReference; lastKnownFileType = wrapper.framework; name = FLAC.framework; path = "../../Audio-Frameworks/bin/flac/FLAC_OSX/FLAC.framework"; sourceTree = "<group>"; };
		9502C35B16C599050054F4E3 /* AudioUnit.framework */ = {isa = PBXFileReference; lastKnownFileType = wrapper.framework; name = AudioUnit.framework; path = System/Library/Frameworks/AudioUnit.framework; sourceTree = SDKROOT; };
		9502C35D16C5990B0054F4E3 /* AudioToolbox.framework */ = {isa = PBXFileReference; lastKnownFileType = wrapper.framework; name = AudioToolbox.framework; path = System/Library/Frameworks/AudioToolbox.framework; sourceTree = SDKROOT; };
		9502C35F16C599130054F4E3 /* AVFoundation.framework */ = {isa = PBXFileReference; lastKnownFileType = wrapper.framework; name = AVFoundation.framework; path = System/Library/Frameworks/AVFoundation.framework; sourceTree = SDKROOT; };
		9502C36F16C5A05C0054F4E3 /* PlayerViewController.h */ = {isa = PBXFileReference; fileEncoding = 4; lastKnownFileType = sourcecode.c.h; path = PlayerViewController.h; sourceTree = "<group>"; };
		9502C37016C5A05C0054F4E3 /* PlayerViewController.m */ = {isa = PBXFileReference; fileEncoding = 4; lastKnownFileType = sourcecode.c.objc; path = PlayerViewController.m; sourceTree = "<group>"; };
		9502C37116C5A05C0054F4E3 /* PlayerViewController.xib */ = {isa = PBXFileReference; fileEncoding = 4; lastKnownFileType = file.xib; path = PlayerViewController.xib; sourceTree = "<group>"; };
		9502C37816C5CECD0054F4E3 /* OrigamiEngine.framework */ = {isa = PBXFileReference; lastKnownFileType = wrapper.framework; name = OrigamiEngine.framework; path = ../../build/Release/OrigamiEngine.framework; sourceTree = "<group>"; };
/* End PBXFileReference section */

/* Begin PBXFrameworksBuildPhase section */
		9502C32E16C596C60054F4E3 /* Frameworks */ = {
			isa = PBXFrameworksBuildPhase;
			buildActionMask = 2147483647;
			files = (
				9502C37916C5CECD0054F4E3 /* OrigamiEngine.framework in Frameworks */,
				9502C36816C59EAF0054F4E3 /* FLAC.framework in Frameworks */,
				9502C36016C599130054F4E3 /* AVFoundation.framework in Frameworks */,
				9502C35E16C5990B0054F4E3 /* AudioToolbox.framework in Frameworks */,
				9502C35C16C599050054F4E3 /* AudioUnit.framework in Frameworks */,
				9502C33516C596C70054F4E3 /* Cocoa.framework in Frameworks */,
			);
			runOnlyForDeploymentPostprocessing = 0;
		};
/* End PBXFrameworksBuildPhase section */

/* Begin PBXGroup section */
		9502C32816C596C60054F4E3 = {
			isa = PBXGroup;
			children = (
				9502C33A16C596C70054F4E3 /* OrigamiEngine Example */,
				9502C33316C596C60054F4E3 /* Frameworks */,
				9502C33216C596C60054F4E3 /* Products */,
			);
			sourceTree = "<group>";
		};
		9502C33216C596C60054F4E3 /* Products */ = {
			isa = PBXGroup;
			children = (
				9502C33116C596C60054F4E3 /* OrigamiEngine Example.app */,
			);
			name = Products;
			sourceTree = "<group>";
		};
		9502C33316C596C60054F4E3 /* Frameworks */ = {
			isa = PBXGroup;
			children = (
				9502C37816C5CECD0054F4E3 /* OrigamiEngine.framework */,
				9502C35F16C599130054F4E3 /* AVFoundation.framework */,
				9502C35D16C5990B0054F4E3 /* AudioToolbox.framework */,
				9502C35B16C599050054F4E3 /* AudioUnit.framework */,
				9502C35916C598A30054F4E3 /* FLAC.framework */,
				9502C33416C596C60054F4E3 /* Cocoa.framework */,
			);
			name = Frameworks;
			sourceTree = "<group>";
		};
		9502C33A16C596C70054F4E3 /* OrigamiEngine Example */ = {
			isa = PBXGroup;
			children = (
				9502C34616C596C70054F4E3 /* AppDelegate.h */,
				9502C34716C596C70054F4E3 /* AppDelegate.m */,
				9502C34916C596C70054F4E3 /* MainMenu.xib */,
				9502C36F16C5A05C0054F4E3 /* PlayerViewController.h */,
				9502C37016C5A05C0054F4E3 /* PlayerViewController.m */,
				9502C37116C5A05C0054F4E3 /* PlayerViewController.xib */,
				9502C33B16C596C70054F4E3 /* Supporting Files */,
			);
			path = "OrigamiEngine Example";
			sourceTree = "<group>";
		};
		9502C33B16C596C70054F4E3 /* Supporting Files */ = {
			isa = PBXGroup;
			children = (
				9502C33C16C596C70054F4E3 /* OrigamiEngine Example-Info.plist */,
				9502C34016C596C70054F4E3 /* main.m */,
				9502C34216C596C70054F4E3 /* OrigamiEngine Example-Prefix.pch */,
			);
			name = "Supporting Files";
			sourceTree = "<group>";
		};
/* End PBXGroup section */

/* Begin PBXNativeTarget section */
		9502C33016C596C60054F4E3 /* OrigamiEngine Example */ = {
			isa = PBXNativeTarget;
			buildConfigurationList = 9502C34E16C596C70054F4E3 /* Build configuration list for PBXNativeTarget "OrigamiEngine Example" */;
			buildPhases = (
				9502C32D16C596C60054F4E3 /* Sources */,
				9502C32E16C596C60054F4E3 /* Frameworks */,
				9502C32F16C596C60054F4E3 /* Resources */,
				952F657A16F06A7400127423 /* CopyFiles */,
			);
			buildRules = (
			);
			dependencies = (
			);
			name = "OrigamiEngine Example";
			productName = "OrigamiEngine Example";
			productReference = 9502C33116C596C60054F4E3 /* OrigamiEngine Example.app */;
			productType = "com.apple.product-type.application";
		};
/* End PBXNativeTarget section */

/* Begin PBXProject section */
		9502C32916C596C60054F4E3 /* Project object */ = {
			isa = PBXProject;
			attributes = {
				CLASSPREFIX = ORGM;
				LastUpgradeCheck = 0460;
			};
			buildConfigurationList = 9502C32C16C596C60054F4E3 /* Build configuration list for PBXProject "OrigamiEngine Example" */;
			compatibilityVersion = "Xcode 3.2";
			developmentRegion = English;
			hasScannedForEncodings = 0;
			knownRegions = (
				en,
			);
			mainGroup = 9502C32816C596C60054F4E3;
			productRefGroup = 9502C33216C596C60054F4E3 /* Products */;
			projectDirPath = "";
			projectRoot = "";
			targets = (
				9502C33016C596C60054F4E3 /* OrigamiEngine Example */,
			);
		};
/* End PBXProject section */

/* Begin PBXResourcesBuildPhase section */
		9502C32F16C596C60054F4E3 /* Resources */ = {
			isa = PBXResourcesBuildPhase;
			buildActionMask = 2147483647;
			files = (
				9502C34B16C596C70054F4E3 /* MainMenu.xib in Resources */,
				9502C37316C5A05C0054F4E3 /* PlayerViewController.xib in Resources */,
			);
			runOnlyForDeploymentPostprocessing = 0;
		};
/* End PBXResourcesBuildPhase section */

/* Begin PBXSourcesBuildPhase section */
		9502C32D16C596C60054F4E3 /* Sources */ = {
			isa = PBXSourcesBuildPhase;
			buildActionMask = 2147483647;
			files = (
				9502C34116C596C70054F4E3 /* main.m in Sources */,
				9502C34816C596C70054F4E3 /* AppDelegate.m in Sources */,
				9502C37216C5A05C0054F4E3 /* PlayerViewController.m in Sources */,
			);
			runOnlyForDeploymentPostprocessing = 0;
		};
/* End PBXSourcesBuildPhase section */

/* Begin PBXVariantGroup section */
		9502C34916C596C70054F4E3 /* MainMenu.xib */ = {
			isa = PBXVariantGroup;
			children = (
				9502C34A16C596C70054F4E3 /* en */,
			);
			name = MainMenu.xib;
			sourceTree = "<group>";
		};
/* End PBXVariantGroup section */

/* Begin XCBuildConfiguration section */
		9502C34C16C596C70054F4E3 /* Debug */ = {
			isa = XCBuildConfiguration;
			buildSettings = {
				ALWAYS_SEARCH_USER_PATHS = NO;
				ARCHS = "$(ARCHS_STANDARD_64_BIT)";
				CLANG_CXX_LANGUAGE_STANDARD = "gnu++0x";
				CLANG_CXX_LIBRARY = "libc++";
				CLANG_ENABLE_OBJC_ARC = YES;
				CLANG_WARN_CONSTANT_CONVERSION = YES;
				CLANG_WARN_EMPTY_BODY = YES;
				CLANG_WARN_ENUM_CONVERSION = YES;
				CLANG_WARN_INT_CONVERSION = YES;
				CLANG_WARN__DUPLICATE_METHOD_MATCH = YES;
				COPY_PHASE_STRIP = NO;
				GCC_C_LANGUAGE_STANDARD = gnu99;
				GCC_DYNAMIC_NO_PIC = NO;
				GCC_ENABLE_OBJC_EXCEPTIONS = YES;
				GCC_OPTIMIZATION_LEVEL = 0;
				GCC_PREPROCESSOR_DEFINITIONS = (
					"DEBUG=1",
					"$(inherited)",
				);
				GCC_SYMBOLS_PRIVATE_EXTERN = NO;
				GCC_WARN_64_TO_32_BIT_CONVERSION = YES;
				GCC_WARN_ABOUT_RETURN_TYPE = YES;
				GCC_WARN_UNINITIALIZED_AUTOS = YES;
				GCC_WARN_UNUSED_VARIABLE = YES;
				MACOSX_DEPLOYMENT_TARGET = 10.8;
				ONLY_ACTIVE_ARCH = YES;
				SDKROOT = macosx;
			};
			name = Debug;
		};
		9502C34D16C596C70054F4E3 /* Release */ = {
			isa = XCBuildConfiguration;
			buildSettings = {
				ALWAYS_SEARCH_USER_PATHS = NO;
				ARCHS = "$(ARCHS_STANDARD_64_BIT)";
				CLANG_CXX_LANGUAGE_STANDARD = "gnu++0x";
				CLANG_CXX_LIBRARY = "libc++";
				CLANG_ENABLE_OBJC_ARC = YES;
				CLANG_WARN_CONSTANT_CONVERSION = YES;
				CLANG_WARN_EMPTY_BODY = YES;
				CLANG_WARN_ENUM_CONVERSION = YES;
				CLANG_WARN_INT_CONVERSION = YES;
				CLANG_WARN__DUPLICATE_METHOD_MATCH = YES;
				COPY_PHASE_STRIP = YES;
				DEBUG_INFORMATION_FORMAT = "dwarf-with-dsym";
				GCC_C_LANGUAGE_STANDARD = gnu99;
				GCC_ENABLE_OBJC_EXCEPTIONS = YES;
				GCC_WARN_64_TO_32_BIT_CONVERSION = YES;
				GCC_WARN_ABOUT_RETURN_TYPE = YES;
				GCC_WARN_UNINITIALIZED_AUTOS = YES;
				GCC_WARN_UNUSED_VARIABLE = YES;
				MACOSX_DEPLOYMENT_TARGET = 10.8;
				SDKROOT = macosx;
			};
			name = Release;
		};
		9502C34F16C596C70054F4E3 /* Debug */ = {
			isa = XCBuildConfiguration;
			buildSettings = {
				COMBINE_HIDPI_IMAGES = YES;
				FRAMEWORK_SEARCH_PATHS = (
					"$(inherited)",
					"\"$(SRCROOT)/../../Audio-Frameworks/bin/flac/FLAC_OSX\"",
				);
				GCC_PRECOMPILE_PREFIX_HEADER = YES;
				GCC_PREFIX_HEADER = "OrigamiEngine Example/OrigamiEngine Example-Prefix.pch";
				INFOPLIST_FILE = "OrigamiEngine Example/OrigamiEngine Example-Info.plist";
				PRODUCT_NAME = "$(TARGET_NAME)";
				WRAPPER_EXTENSION = app;
			};
			name = Debug;
		};
		9502C35016C596C70054F4E3 /* Release */ = {
			isa = XCBuildConfiguration;
			buildSettings = {
				COMBINE_HIDPI_IMAGES = YES;
				FRAMEWORK_SEARCH_PATHS = (
					"$(inherited)",
					"\"$(SRCROOT)/../../Audio-Frameworks/bin/flac/FLAC_OSX\"",
				);
				GCC_PRECOMPILE_PREFIX_HEADER = YES;
				GCC_PREFIX_HEADER = "OrigamiEngine Example/OrigamiEngine Example-Prefix.pch";
				INFOPLIST_FILE = "OrigamiEngine Example/OrigamiEngine Example-Info.plist";
				PRODUCT_NAME = "$(TARGET_NAME)";
				WRAPPER_EXTENSION = app;
			};
			name = Release;
		};
/* End XCBuildConfiguration section */

/* Begin XCConfigurationList section */
		9502C32C16C596C60054F4E3 /* Build configuration list for PBXProject "OrigamiEngine Example" */ = {
			isa = XCConfigurationList;
			buildConfigurations = (
				9502C34C16C596C70054F4E3 /* Debug */,
				9502C34D16C596C70054F4E3 /* Release */,
			);
			defaultConfigurationIsVisible = 0;
			defaultConfigurationName = Release;
		};
		9502C34E16C596C70054F4E3 /* Build configuration list for PBXNativeTarget "OrigamiEngine Example" */ = {
			isa = XCConfigurationList;
			buildConfigurations = (
				9502C34F16C596C70054F4E3 /* Debug */,
				9502C35016C596C70054F4E3 /* Release */,
			);
			defaultConfigurationIsVisible = 0;
			defaultConfigurationName = Release;
		};
/* End XCConfigurationList section */
	};
	rootObject = 9502C32916C596C60054F4E3 /* Project object */;
}
