// !$*UTF8*$!
{
	archiveVersion = 1;
	classes = {
	};
	objectVersion = 46;
	objects = {

/* Begin PBXBuildFile section */
		950B03B115DAB43400C2365B /* EngineTests.m in Sources */ = {isa = PBXBuildFile; fileRef = 950B03B015DAB43400C2365B /* EngineTests.m */; };
		950B03B415DAB58A00C2365B /* multiple-vc.flac in Resources */ = {isa = PBXBuildFile; fileRef = 950B03B315DAB58A00C2365B /* multiple-vc.flac */; };
		950B03B715DAB5E600C2365B /* InputUnitTests.m in Sources */ = {isa = PBXBuildFile; fileRef = 950B03B615DAB5E600C2365B /* InputUnitTests.m */; };
		950B03B815DAB6A800C2365B /* AVFoundation.framework in Frameworks */ = {isa = PBXBuildFile; fileRef = 959B586015CEE1D900D44955 /* AVFoundation.framework */; };
		950B03B915DAB6AF00C2365B /* AudioToolbox.framework in Frameworks */ = {isa = PBXBuildFile; fileRef = 959B586215CEE1DF00D44955 /* AudioToolbox.framework */; };
		950B03BD15DAD05F00C2365B /* ConverterUnitTests.m in Sources */ = {isa = PBXBuildFile; fileRef = 950B03BC15DAD05F00C2365B /* ConverterUnitTests.m */; };
		950B03C015DAD6EC00C2365B /* OutputUnitTests.m in Sources */ = {isa = PBXBuildFile; fileRef = 950B03BF15DAD6EC00C2365B /* OutputUnitTests.m */; };
		950B12A415DAF073001E35FE /* PluginManagerTests.m in Sources */ = {isa = PBXBuildFile; fileRef = 950B12A315DAF073001E35FE /* PluginManagerTests.m */; };
		950B12A815DB90A4001E35FE /* FlacDecoderTests.m in Sources */ = {isa = PBXBuildFile; fileRef = 950B12A715DB90A4001E35FE /* FlacDecoderTests.m */; };
		950B12AB15DB9644001E35FE /* CoreAudioDecoderTests.m in Sources */ = {isa = PBXBuildFile; fileRef = 950B12AA15DB9644001E35FE /* CoreAudioDecoderTests.m */; };
		950B12AD15DB96A8001E35FE /* id3v22-tda.mp3 in Resources */ = {isa = PBXBuildFile; fileRef = 950B12AC15DB96A8001E35FE /* id3v22-tda.mp3 */; };
		95317ADC15D43C7B0029D115 /* ORGMPluginManager.m in Sources */ = {isa = PBXBuildFile; fileRef = 95317ADB15D43C7A0029D115 /* ORGMPluginManager.m */; };
		95317ADE15D443430029D115 /* FileSource.m in Sources */ = {isa = PBXBuildFile; fileRef = 9520746515D281DC00E0D0CB /* FileSource.m */; };
		95317AE915D445010029D115 /* CueSheet.m in Sources */ = {isa = PBXBuildFile; fileRef = 95317AE015D444FE0029D115 /* CueSheet.m */; };
		95317AEA15D445010029D115 /* CueSheetContainer.m in Sources */ = {isa = PBXBuildFile; fileRef = 95317AE215D444FF0029D115 /* CueSheetContainer.m */; };
		95317AEB15D445010029D115 /* CueSheetDecoder.m in Sources */ = {isa = PBXBuildFile; fileRef = 95317AE415D444FF0029D115 /* CueSheetDecoder.m */; };
		95317AED15D445010029D115 /* CueSheetTrack.m in Sources */ = {isa = PBXBuildFile; fileRef = 95317AE815D445000029D115 /* CueSheetTrack.m */; };
		95317B5915D51A410029D115 /* CueSheetTests.m in Sources */ = {isa = PBXBuildFile; fileRef = 95317B5815D51A410029D115 /* CueSheetTests.m */; };
		95317B5F15D51B060029D115 /* multi_file.cue in Resources */ = {isa = PBXBuildFile; fileRef = 95317B5D15D51B060029D115 /* multi_file.cue */; };
		95317B6015D51B060029D115 /* single_file.cue in Resources */ = {isa = PBXBuildFile; fileRef = 95317B5E15D51B060029D115 /* single_file.cue */; };
		95317BA315D552AC0029D115 /* M3uContainer.m in Sources */ = {isa = PBXBuildFile; fileRef = 95317BA215D552AA0029D115 /* M3uContainer.m */; };
		95317BA515D552FC0029D115 /* test.m3u in Resources */ = {isa = PBXBuildFile; fileRef = 95317BA415D552FC0029D115 /* test.m3u */; };
		95317BA815D566460029D115 /* M3UTests.m in Sources */ = {isa = PBXBuildFile; fileRef = 95317BA715D566460029D115 /* M3UTests.m */; };
		9536D2A315DB9D3F0098A77C /* CusSheetDecoderTests.m in Sources */ = {isa = PBXBuildFile; fileRef = 9536D2A215DB9D3F0098A77C /* CusSheetDecoderTests.m */; };
		9536D2A615DB9DD10098A77C /* multiple-vc.cue in Resources */ = {isa = PBXBuildFile; fileRef = 9536D2A515DB9DD10098A77C /* multiple-vc.cue */; };
		9536D2A915DBABB10098A77C /* FileSourceTests.m in Sources */ = {isa = PBXBuildFile; fileRef = 9536D2A815DBABB10098A77C /* FileSourceTests.m */; };
		955229BD15DC23CC002CFB1F /* FileSource.m in Sources */ = {isa = PBXBuildFile; fileRef = 9520746515D281DC00E0D0CB /* FileSource.m */; };
		955229BE15DC23CC002CFB1F /* ORGMConverter.m in Sources */ = {isa = PBXBuildFile; fileRef = 959B583415CEE17200D44955 /* ORGMConverter.m */; };
		955229BF15DC23CC002CFB1F /* ORGMEngine.m in Sources */ = {isa = PBXBuildFile; fileRef = 959B583515CEE17200D44955 /* ORGMEngine.m */; };
		955229C015DC23CC002CFB1F /* ORGMOutputUnit.m in Sources */ = {isa = PBXBuildFile; fileRef = 959B583815CEE17200D44955 /* ORGMOutputUnit.m */; };
		955229C115DC23CC002CFB1F /* ORGMQueues.m in Sources */ = {isa = PBXBuildFile; fileRef = 959B583A15CEE17200D44955 /* ORGMQueues.m */; };
		955229C215DC23CC002CFB1F /* ORGMAudioUnit.m in Sources */ = {isa = PBXBuildFile; fileRef = 959B583C15CEE17200D44955 /* ORGMAudioUnit.m */; };
		955229C315DC23CC002CFB1F /* ORGMInputUnit.m in Sources */ = {isa = PBXBuildFile; fileRef = 959B583D15CEE17200D44955 /* ORGMInputUnit.m */; };
		955229C415DC23CC002CFB1F /* FlacDecoder.m in Sources */ = {isa = PBXBuildFile; fileRef = 95EE6A7F15D26811001AD694 /* FlacDecoder.m */; };
		955229C515DC23CC002CFB1F /* CoreAudioDecoder.m in Sources */ = {isa = PBXBuildFile; fileRef = 95EE6A6D15D26758001AD694 /* CoreAudioDecoder.m */; };
		955229C615DC23CC002CFB1F /* HTTPSource.m in Sources */ = {isa = PBXBuildFile; fileRef = 95EE6A7C15D267D5001AD694 /* HTTPSource.m */; };
		955229C715DC23CC002CFB1F /* ORGMPluginManager.m in Sources */ = {isa = PBXBuildFile; fileRef = 95317ADB15D43C7A0029D115 /* ORGMPluginManager.m */; };
		955229C815DC23CC002CFB1F /* CueSheet.m in Sources */ = {isa = PBXBuildFile; fileRef = 95317AE015D444FE0029D115 /* CueSheet.m */; };
		955229C915DC23CC002CFB1F /* CueSheetContainer.m in Sources */ = {isa = PBXBuildFile; fileRef = 95317AE215D444FF0029D115 /* CueSheetContainer.m */; };
		955229CA15DC23CC002CFB1F /* CueSheetDecoder.m in Sources */ = {isa = PBXBuildFile; fileRef = 95317AE415D444FF0029D115 /* CueSheetDecoder.m */; };
		955229CB15DC23CC002CFB1F /* CueSheetTrack.m in Sources */ = {isa = PBXBuildFile; fileRef = 95317AE815D445000029D115 /* CueSheetTrack.m */; };
		955229CC15DC23CC002CFB1F /* M3uContainer.m in Sources */ = {isa = PBXBuildFile; fileRef = 95317BA215D552AA0029D115 /* M3uContainer.m */; };
		955229CF15DC23CC002CFB1F /* AudioToolbox.framework in Frameworks */ = {isa = PBXBuildFile; fileRef = 959B586215CEE1DF00D44955 /* AudioToolbox.framework */; };
		955229D015DC23CC002CFB1F /* AVFoundation.framework in Frameworks */ = {isa = PBXBuildFile; fileRef = 959B586015CEE1D900D44955 /* AVFoundation.framework */; };
		955229D115DC23CC002CFB1F /* Foundation.framework in Frameworks */ = {isa = PBXBuildFile; fileRef = 959B580C15CEE13C00D44955 /* Foundation.framework */; };
		959B580D15CEE13C00D44955 /* Foundation.framework in Frameworks */ = {isa = PBXBuildFile; fileRef = 959B580C15CEE13C00D44955 /* Foundation.framework */; };
		959B581C15CEE13C00D44955 /* SenTestingKit.framework in Frameworks */ = {isa = PBXBuildFile; fileRef = 959B581B15CEE13C00D44955 /* SenTestingKit.framework */; };
		959B581F15CEE13C00D44955 /* Foundation.framework in Frameworks */ = {isa = PBXBuildFile; fileRef = 959B580C15CEE13C00D44955 /* Foundation.framework */; };
		959B582215CEE13C00D44955 /* libOrigamiEngine.a in Frameworks */ = {isa = PBXBuildFile; fileRef = 959B580915CEE13C00D44955 /* libOrigamiEngine.a */; };
		959B582815CEE13C00D44955 /* InfoPlist.strings in Resources */ = {isa = PBXBuildFile; fileRef = 959B582615CEE13C00D44955 /* InfoPlist.strings */; };
		959B584015CEE17200D44955 /* ORGMConverter.m in Sources */ = {isa = PBXBuildFile; fileRef = 959B583415CEE17200D44955 /* ORGMConverter.m */; };
		959B584215CEE17200D44955 /* ORGMEngine.m in Sources */ = {isa = PBXBuildFile; fileRef = 959B583515CEE17200D44955 /* ORGMEngine.m */; };
		959B584415CEE17200D44955 /* ORGMOutputUnit.m in Sources */ = {isa = PBXBuildFile; fileRef = 959B583815CEE17200D44955 /* ORGMOutputUnit.m */; };
		959B584615CEE17200D44955 /* ORGMQueues.m in Sources */ = {isa = PBXBuildFile; fileRef = 959B583A15CEE17200D44955 /* ORGMQueues.m */; };
		959B584815CEE17200D44955 /* ORGMAudioUnit.m in Sources */ = {isa = PBXBuildFile; fileRef = 959B583C15CEE17200D44955 /* ORGMAudioUnit.m */; };
		959B584A15CEE17200D44955 /* ORGMInputUnit.m in Sources */ = {isa = PBXBuildFile; fileRef = 959B583D15CEE17200D44955 /* ORGMInputUnit.m */; };
		959B586115CEE1D900D44955 /* AVFoundation.framework in Frameworks */ = {isa = PBXBuildFile; fileRef = 959B586015CEE1D900D44955 /* AVFoundation.framework */; };
		959B586315CEE1DF00D44955 /* AudioToolbox.framework in Frameworks */ = {isa = PBXBuildFile; fileRef = 959B586215CEE1DF00D44955 /* AudioToolbox.framework */; };
		95A3DE3416368B7B008F802D /* FLAC.framework in Frameworks */ = {isa = PBXBuildFile; fileRef = 95A3DE3316368B7B008F802D /* FLAC.framework */; };
		95A3DE3516368B7B008F802D /* FLAC.framework in Frameworks */ = {isa = PBXBuildFile; fileRef = 95A3DE3316368B7B008F802D /* FLAC.framework */; };
		95B2921115DBD3390031017D /* HTTPSourceTests.m in Sources */ = {isa = PBXBuildFile; fileRef = 95B2921015DBD3390031017D /* HTTPSourceTests.m */; };
		95EE6A8015D26811001AD694 /* FlacDecoder.m in Sources */ = {isa = PBXBuildFile; fileRef = 95EE6A7F15D26811001AD694 /* FlacDecoder.m */; };
		95EE6A8215D26876001AD694 /* HTTPSource.m in Sources */ = {isa = PBXBuildFile; fileRef = 95EE6A7C15D267D5001AD694 /* HTTPSource.m */; };
		95EE6A8315D2687B001AD694 /* CoreAudioDecoder.m in Sources */ = {isa = PBXBuildFile; fileRef = 95EE6A6D15D26758001AD694 /* CoreAudioDecoder.m */; };
/* End PBXBuildFile section */

/* Begin PBXContainerItemProxy section */
		959B582015CEE13C00D44955 /* PBXContainerItemProxy */ = {
			isa = PBXContainerItemProxy;
			containerPortal = 959B580015CEE13C00D44955 /* Project object */;
			proxyType = 1;
			remoteGlobalIDString = 959B580815CEE13C00D44955;
			remoteInfo = OrigamiEngine;
		};
/* End PBXContainerItemProxy section */

/* Begin PBXCopyFilesBuildPhase section */
		955229D215DC23CC002CFB1F /* CopyFiles */ = {
			isa = PBXCopyFilesBuildPhase;
			buildActionMask = 2147483647;
			dstPath = "include/${PRODUCT_NAME}";
			dstSubfolderSpec = 16;
			files = (
			);
			runOnlyForDeploymentPostprocessing = 0;
		};
		959B580715CEE13C00D44955 /* CopyFiles */ = {
			isa = PBXCopyFilesBuildPhase;
			buildActionMask = 2147483647;
			dstPath = "include/${PRODUCT_NAME}";
			dstSubfolderSpec = 16;
			files = (
			);
			runOnlyForDeploymentPostprocessing = 0;
		};
/* End PBXCopyFilesBuildPhase section */

/* Begin PBXFileReference section */
		950B03AF15DAB43400C2365B /* EngineTests.h */ = {isa = PBXFileReference; fileEncoding = 4; lastKnownFileType = sourcecode.c.h; path = EngineTests.h; sourceTree = "<group>"; };
		950B03B015DAB43400C2365B /* EngineTests.m */ = {isa = PBXFileReference; fileEncoding = 4; lastKnownFileType = sourcecode.c.objc; path = EngineTests.m; sourceTree = "<group>"; };
		950B03B315DAB58A00C2365B /* multiple-vc.flac */ = {isa = PBXFileReference; lastKnownFileType = file; path = "multiple-vc.flac"; sourceTree = "<group>"; };
		950B03B515DAB5E600C2365B /* InputUnitTests.h */ = {isa = PBXFileReference; fileEncoding = 4; lastKnownFileType = sourcecode.c.h; path = InputUnitTests.h; sourceTree = "<group>"; };
		950B03B615DAB5E600C2365B /* InputUnitTests.m */ = {isa = PBXFileReference; fileEncoding = 4; lastKnownFileType = sourcecode.c.objc; path = InputUnitTests.m; sourceTree = "<group>"; };
		950B03BB15DAD05F00C2365B /* ConverterUnitTests.h */ = {isa = PBXFileReference; fileEncoding = 4; lastKnownFileType = sourcecode.c.h; path = ConverterUnitTests.h; sourceTree = "<group>"; };
		950B03BC15DAD05F00C2365B /* ConverterUnitTests.m */ = {isa = PBXFileReference; fileEncoding = 4; lastKnownFileType = sourcecode.c.objc; path = ConverterUnitTests.m; sourceTree = "<group>"; };
		950B03BE15DAD6EC00C2365B /* OutputUnitTests.h */ = {isa = PBXFileReference; fileEncoding = 4; lastKnownFileType = sourcecode.c.h; path = OutputUnitTests.h; sourceTree = "<group>"; };
		950B03BF15DAD6EC00C2365B /* OutputUnitTests.m */ = {isa = PBXFileReference; fileEncoding = 4; lastKnownFileType = sourcecode.c.objc; path = OutputUnitTests.m; sourceTree = "<group>"; };
		950B12A215DAF073001E35FE /* PluginManagerTests.h */ = {isa = PBXFileReference; fileEncoding = 4; lastKnownFileType = sourcecode.c.h; path = PluginManagerTests.h; sourceTree = "<group>"; };
		950B12A315DAF073001E35FE /* PluginManagerTests.m */ = {isa = PBXFileReference; fileEncoding = 4; lastKnownFileType = sourcecode.c.objc; path = PluginManagerTests.m; sourceTree = "<group>"; };
		950B12A615DB90A4001E35FE /* FlacDecoderTests.h */ = {isa = PBXFileReference; fileEncoding = 4; lastKnownFileType = sourcecode.c.h; path = FlacDecoderTests.h; sourceTree = "<group>"; };
		950B12A715DB90A4001E35FE /* FlacDecoderTests.m */ = {isa = PBXFileReference; fileEncoding = 4; lastKnownFileType = sourcecode.c.objc; path = FlacDecoderTests.m; sourceTree = "<group>"; };
		950B12A915DB9644001E35FE /* CoreAudioDecoderTests.h */ = {isa = PBXFileReference; fileEncoding = 4; lastKnownFileType = sourcecode.c.h; path = CoreAudioDecoderTests.h; sourceTree = "<group>"; };
		950B12AA15DB9644001E35FE /* CoreAudioDecoderTests.m */ = {isa = PBXFileReference; fileEncoding = 4; lastKnownFileType = sourcecode.c.objc; path = CoreAudioDecoderTests.m; sourceTree = "<group>"; };
		950B12AC15DB96A8001E35FE /* id3v22-tda.mp3 */ = {isa = PBXFileReference; lastKnownFileType = audio.mp3; path = "id3v22-tda.mp3"; sourceTree = "<group>"; };
		9520746415D281DC00E0D0CB /* FileSource.h */ = {isa = PBXFileReference; fileEncoding = 4; lastKnownFileType = sourcecode.c.h; name = FileSource.h; path = Plugins/FileSource.h; sourceTree = "<group>"; };
		9520746515D281DC00E0D0CB /* FileSource.m */ = {isa = PBXFileReference; fileEncoding = 4; lastKnownFileType = sourcecode.c.objc; name = FileSource.m; path = Plugins/FileSource.m; sourceTree = "<group>"; };
		95317ADA15D43C7A0029D115 /* ORGMPluginManager.h */ = {isa = PBXFileReference; fileEncoding = 4; lastKnownFileType = sourcecode.c.h; path = ORGMPluginManager.h; sourceTree = "<group>"; };
		95317ADB15D43C7A0029D115 /* ORGMPluginManager.m */ = {isa = PBXFileReference; fileEncoding = 4; lastKnownFileType = sourcecode.c.objc; path = ORGMPluginManager.m; sourceTree = "<group>"; };
		95317ADF15D444FE0029D115 /* CueSheet.h */ = {isa = PBXFileReference; fileEncoding = 4; lastKnownFileType = sourcecode.c.h; name = CueSheet.h; path = Plugins/CueSheet.h; sourceTree = "<group>"; };
		95317AE015D444FE0029D115 /* CueSheet.m */ = {isa = PBXFileReference; fileEncoding = 4; lastKnownFileType = sourcecode.c.objc; name = CueSheet.m; path = Plugins/CueSheet.m; sourceTree = "<group>"; };
		95317AE115D444FF0029D115 /* CueSheetContainer.h */ = {isa = PBXFileReference; fileEncoding = 4; lastKnownFileType = sourcecode.c.h; name = CueSheetContainer.h; path = Plugins/CueSheetContainer.h; sourceTree = "<group>"; };
		95317AE215D444FF0029D115 /* CueSheetContainer.m */ = {isa = PBXFileReference; fileEncoding = 4; lastKnownFileType = sourcecode.c.objc; name = CueSheetContainer.m; path = Plugins/CueSheetContainer.m; sourceTree = "<group>"; };
		95317AE315D444FF0029D115 /* CueSheetDecoder.h */ = {isa = PBXFileReference; fileEncoding = 4; lastKnownFileType = sourcecode.c.h; name = CueSheetDecoder.h; path = Plugins/CueSheetDecoder.h; sourceTree = "<group>"; };
		95317AE415D444FF0029D115 /* CueSheetDecoder.m */ = {isa = PBXFileReference; fileEncoding = 4; lastKnownFileType = sourcecode.c.objc; name = CueSheetDecoder.m; path = Plugins/CueSheetDecoder.m; sourceTree = "<group>"; };
		95317AE715D445000029D115 /* CueSheetTrack.h */ = {isa = PBXFileReference; fileEncoding = 4; lastKnownFileType = sourcecode.c.h; name = CueSheetTrack.h; path = Plugins/CueSheetTrack.h; sourceTree = "<group>"; };
		95317AE815D445000029D115 /* CueSheetTrack.m */ = {isa = PBXFileReference; fileEncoding = 4; lastKnownFileType = sourcecode.c.objc; name = CueSheetTrack.m; path = Plugins/CueSheetTrack.m; sourceTree = "<group>"; };
		95317B5715D51A410029D115 /* CueSheetTests.h */ = {isa = PBXFileReference; fileEncoding = 4; lastKnownFileType = sourcecode.c.h; path = CueSheetTests.h; sourceTree = "<group>"; };
		95317B5815D51A410029D115 /* CueSheetTests.m */ = {isa = PBXFileReference; fileEncoding = 4; lastKnownFileType = sourcecode.c.objc; path = CueSheetTests.m; sourceTree = "<group>"; };
		95317B5D15D51B060029D115 /* multi_file.cue */ = {isa = PBXFileReference; fileEncoding = 4; lastKnownFileType = text; path = multi_file.cue; sourceTree = "<group>"; };
		95317B5E15D51B060029D115 /* single_file.cue */ = {isa = PBXFileReference; fileEncoding = 4; lastKnownFileType = text; path = single_file.cue; sourceTree = "<group>"; };
		95317BA115D552A90029D115 /* M3uContainer.h */ = {isa = PBXFileReference; fileEncoding = 4; lastKnownFileType = sourcecode.c.h; name = M3uContainer.h; path = Plugins/M3uContainer.h; sourceTree = "<group>"; };
		95317BA215D552AA0029D115 /* M3uContainer.m */ = {isa = PBXFileReference; fileEncoding = 4; lastKnownFileType = sourcecode.c.objc; name = M3uContainer.m; path = Plugins/M3uContainer.m; sourceTree = "<group>"; };
		95317BA415D552FC0029D115 /* test.m3u */ = {isa = PBXFileReference; fileEncoding = 4; lastKnownFileType = text; path = test.m3u; sourceTree = "<group>"; };
		95317BA615D566450029D115 /* M3UTests.h */ = {isa = PBXFileReference; fileEncoding = 4; lastKnownFileType = sourcecode.c.h; path = M3UTests.h; sourceTree = "<group>"; };
		95317BA715D566460029D115 /* M3UTests.m */ = {isa = PBXFileReference; fileEncoding = 4; lastKnownFileType = sourcecode.c.objc; path = M3UTests.m; sourceTree = "<group>"; };
		9536D2A115DB9D3F0098A77C /* CusSheetDecoderTests.h */ = {isa = PBXFileReference; fileEncoding = 4; lastKnownFileType = sourcecode.c.h; path = CusSheetDecoderTests.h; sourceTree = "<group>"; };
		9536D2A215DB9D3F0098A77C /* CusSheetDecoderTests.m */ = {isa = PBXFileReference; fileEncoding = 4; lastKnownFileType = sourcecode.c.objc; path = CusSheetDecoderTests.m; sourceTree = "<group>"; };
		9536D2A515DB9DD10098A77C /* multiple-vc.cue */ = {isa = PBXFileReference; fileEncoding = 4; lastKnownFileType = text; path = "multiple-vc.cue"; sourceTree = "<group>"; };
		9536D2A715DBABB10098A77C /* FileSourceTests.h */ = {isa = PBXFileReference; fileEncoding = 4; lastKnownFileType = sourcecode.c.h; path = FileSourceTests.h; sourceTree = "<group>"; };
		9536D2A815DBABB10098A77C /* FileSourceTests.m */ = {isa = PBXFileReference; fileEncoding = 4; lastKnownFileType = sourcecode.c.objc; path = FileSourceTests.m; sourceTree = "<group>"; };
		955229D615DC23CC002CFB1F /* libOrigamiEngine.a */ = {isa = PBXFileReference; explicitFileType = archive.ar; includeInIndex = 0; path = libOrigamiEngine.a; sourceTree = BUILT_PRODUCTS_DIR; };
		959B580915CEE13C00D44955 /* libOrigamiEngine.a */ = {isa = PBXFileReference; explicitFileType = archive.ar; includeInIndex = 0; path = libOrigamiEngine.a; sourceTree = BUILT_PRODUCTS_DIR; };
		959B580C15CEE13C00D44955 /* Foundation.framework */ = {isa = PBXFileReference; lastKnownFileType = wrapper.framework; name = Foundation.framework; path = System/Library/Frameworks/Foundation.framework; sourceTree = SDKROOT; };
		959B581015CEE13C00D44955 /* OrigamiEngine-Prefix.pch */ = {isa = PBXFileReference; lastKnownFileType = sourcecode.c.h; path = "OrigamiEngine-Prefix.pch"; sourceTree = "<group>"; };
		959B581A15CEE13C00D44955 /* OrigamiEngineTests.octest */ = {isa = PBXFileReference; explicitFileType = wrapper.cfbundle; includeInIndex = 0; path = OrigamiEngineTests.octest; sourceTree = BUILT_PRODUCTS_DIR; };
		959B581B15CEE13C00D44955 /* SenTestingKit.framework */ = {isa = PBXFileReference; lastKnownFileType = wrapper.framework; name = SenTestingKit.framework; path = Library/Frameworks/SenTestingKit.framework; sourceTree = DEVELOPER_DIR; };
		959B582515CEE13C00D44955 /* OrigamiEngineTests-Info.plist */ = {isa = PBXFileReference; lastKnownFileType = text.plist.xml; path = "OrigamiEngineTests-Info.plist"; sourceTree = "<group>"; };
		959B582715CEE13C00D44955 /* en */ = {isa = PBXFileReference; lastKnownFileType = text.plist.strings; name = en; path = en.lproj/InfoPlist.strings; sourceTree = "<group>"; };
		959B583415CEE17200D44955 /* ORGMConverter.m */ = {isa = PBXFileReference; fileEncoding = 4; lastKnownFileType = sourcecode.c.objc; path = ORGMConverter.m; sourceTree = "<group>"; };
		959B583515CEE17200D44955 /* ORGMEngine.m */ = {isa = PBXFileReference; fileEncoding = 4; lastKnownFileType = sourcecode.c.objc; path = ORGMEngine.m; sourceTree = "<group>"; };
		959B583615CEE17200D44955 /* ORGMOutputUnit.h */ = {isa = PBXFileReference; fileEncoding = 4; lastKnownFileType = sourcecode.c.h; path = ORGMOutputUnit.h; sourceTree = "<group>"; };
		959B583715CEE17200D44955 /* ORGMConverter.h */ = {isa = PBXFileReference; fileEncoding = 4; lastKnownFileType = sourcecode.c.h; path = ORGMConverter.h; sourceTree = "<group>"; };
		959B583815CEE17200D44955 /* ORGMOutputUnit.m */ = {isa = PBXFileReference; fileEncoding = 4; lastKnownFileType = sourcecode.c.objc; path = ORGMOutputUnit.m; sourceTree = "<group>"; };
		959B583915CEE17200D44955 /* ORGMEngine.h */ = {isa = PBXFileReference; fileEncoding = 4; lastKnownFileType = sourcecode.c.h; path = ORGMEngine.h; sourceTree = "<group>"; };
		959B583A15CEE17200D44955 /* ORGMQueues.m */ = {isa = PBXFileReference; fileEncoding = 4; lastKnownFileType = sourcecode.c.objc; path = ORGMQueues.m; sourceTree = "<group>"; };
		959B583B15CEE17200D44955 /* ORGMAudioUnit.h */ = {isa = PBXFileReference; fileEncoding = 4; lastKnownFileType = sourcecode.c.h; path = ORGMAudioUnit.h; sourceTree = "<group>"; };
		959B583C15CEE17200D44955 /* ORGMAudioUnit.m */ = {isa = PBXFileReference; fileEncoding = 4; lastKnownFileType = sourcecode.c.objc; path = ORGMAudioUnit.m; sourceTree = "<group>"; };
		959B583D15CEE17200D44955 /* ORGMInputUnit.m */ = {isa = PBXFileReference; fileEncoding = 4; lastKnownFileType = sourcecode.c.objc; path = ORGMInputUnit.m; sourceTree = "<group>"; };
		959B583E15CEE17200D44955 /* ORGMInputUnit.h */ = {isa = PBXFileReference; fileEncoding = 4; lastKnownFileType = sourcecode.c.h; path = ORGMInputUnit.h; sourceTree = "<group>"; };
		959B583F15CEE17200D44955 /* ORGMQueues.h */ = {isa = PBXFileReference; fileEncoding = 4; lastKnownFileType = sourcecode.c.h; path = ORGMQueues.h; sourceTree = "<group>"; };
		959B586015CEE1D900D44955 /* AVFoundation.framework */ = {isa = PBXFileReference; lastKnownFileType = wrapper.framework; name = AVFoundation.framework; path = System/Library/Frameworks/AVFoundation.framework; sourceTree = SDKROOT; };
		959B586215CEE1DF00D44955 /* AudioToolbox.framework */ = {isa = PBXFileReference; lastKnownFileType = wrapper.framework; name = AudioToolbox.framework; path = System/Library/Frameworks/AudioToolbox.framework; sourceTree = SDKROOT; };
		95A3DE3316368B7B008F802D /* FLAC.framework */ = {isa = PBXFileReference; lastKnownFileType = wrapper.framework; name = FLAC.framework; path = "Audio-Frameworks/bin/flac/FLAC.framework"; sourceTree = "<group>"; };
		95B2920F15DBD3390031017D /* HTTPSourceTests.h */ = {isa = PBXFileReference; fileEncoding = 4; lastKnownFileType = sourcecode.c.h; path = HTTPSourceTests.h; sourceTree = "<group>"; };
		95B2921015DBD3390031017D /* HTTPSourceTests.m */ = {isa = PBXFileReference; fileEncoding = 4; lastKnownFileType = sourcecode.c.objc; path = HTTPSourceTests.m; sourceTree = "<group>"; };
		95EE6A2E15D2629E001AD694 /* ORGMCommonProtocols.h */ = {isa = PBXFileReference; fileEncoding = 4; lastKnownFileType = sourcecode.c.h; path = ORGMCommonProtocols.h; sourceTree = "<group>"; };
		95EE6A6C15D26758001AD694 /* CoreAudioDecoder.h */ = {isa = PBXFileReference; fileEncoding = 4; lastKnownFileType = sourcecode.c.h; name = CoreAudioDecoder.h; path = Plugins/CoreAudioDecoder.h; sourceTree = "<group>"; };
		95EE6A6D15D26758001AD694 /* CoreAudioDecoder.m */ = {isa = PBXFileReference; fileEncoding = 4; lastKnownFileType = sourcecode.c.objc; name = CoreAudioDecoder.m; path = Plugins/CoreAudioDecoder.m; sourceTree = "<group>"; };
		95EE6A7B15D267D5001AD694 /* HTTPSource.h */ = {isa = PBXFileReference; fileEncoding = 4; lastKnownFileType = sourcecode.c.h; name = HTTPSource.h; path = Plugins/HTTPSource.h; sourceTree = "<group>"; };
		95EE6A7C15D267D5001AD694 /* HTTPSource.m */ = {isa = PBXFileReference; fileEncoding = 4; lastKnownFileType = sourcecode.c.objc; name = HTTPSource.m; path = Plugins/HTTPSource.m; sourceTree = "<group>"; };
		95EE6A7E15D26811001AD694 /* FlacDecoder.h */ = {isa = PBXFileReference; fileEncoding = 4; lastKnownFileType = sourcecode.c.h; name = FlacDecoder.h; path = Plugins/FlacDecoder.h; sourceTree = "<group>"; };
		95EE6A7F15D26811001AD694 /* FlacDecoder.m */ = {isa = PBXFileReference; fileEncoding = 4; lastKnownFileType = sourcecode.c.objc; name = FlacDecoder.m; path = Plugins/FlacDecoder.m; sourceTree = "<group>"; };
/* End PBXFileReference section */

/* Begin PBXFrameworksBuildPhase section */
		955229CD15DC23CC002CFB1F /* Frameworks */ = {
			isa = PBXFrameworksBuildPhase;
			buildActionMask = 2147483647;
			files = (
				955229CF15DC23CC002CFB1F /* AudioToolbox.framework in Frameworks */,
				955229D015DC23CC002CFB1F /* AVFoundation.framework in Frameworks */,
				955229D115DC23CC002CFB1F /* Foundation.framework in Frameworks */,
			);
			runOnlyForDeploymentPostprocessing = 0;
		};
		959B580615CEE13C00D44955 /* Frameworks */ = {
			isa = PBXFrameworksBuildPhase;
			buildActionMask = 2147483647;
			files = (
				959B586315CEE1DF00D44955 /* AudioToolbox.framework in Frameworks */,
				959B586115CEE1D900D44955 /* AVFoundation.framework in Frameworks */,
				959B580D15CEE13C00D44955 /* Foundation.framework in Frameworks */,
				95A3DE3416368B7B008F802D /* FLAC.framework in Frameworks */,
			);
			runOnlyForDeploymentPostprocessing = 0;
		};
		959B581615CEE13C00D44955 /* Frameworks */ = {
			isa = PBXFrameworksBuildPhase;
			buildActionMask = 2147483647;
			files = (
				950B03B915DAB6AF00C2365B /* AudioToolbox.framework in Frameworks */,
				950B03B815DAB6A800C2365B /* AVFoundation.framework in Frameworks */,
				959B581C15CEE13C00D44955 /* SenTestingKit.framework in Frameworks */,
				959B581F15CEE13C00D44955 /* Foundation.framework in Frameworks */,
				959B582215CEE13C00D44955 /* libOrigamiEngine.a in Frameworks */,
				95A3DE3516368B7B008F802D /* FLAC.framework in Frameworks */,
			);
			runOnlyForDeploymentPostprocessing = 0;
		};
/* End PBXFrameworksBuildPhase section */

/* Begin PBXGroup section */
		95317B5C15D51B060029D115 /* fixtures */ = {
			isa = PBXGroup;
			children = (
				950B12AC15DB96A8001E35FE /* id3v22-tda.mp3 */,
				95317B5D15D51B060029D115 /* multi_file.cue */,
				9536D2A515DB9DD10098A77C /* multiple-vc.cue */,
				950B03B315DAB58A00C2365B /* multiple-vc.flac */,
				95317B5E15D51B060029D115 /* single_file.cue */,
				95317BA415D552FC0029D115 /* test.m3u */,
			);
			path = fixtures;
			sourceTree = "<group>";
		};
		959B57FE15CEE13C00D44955 = {
			isa = PBXGroup;
			children = (
				959B580E15CEE13C00D44955 /* OrigamiEngine */,
				959B582315CEE13C00D44955 /* OrigamiEngineTests */,
				959B580B15CEE13C00D44955 /* Frameworks */,
				959B580A15CEE13C00D44955 /* Products */,
			);
			sourceTree = "<group>";
		};
		959B580A15CEE13C00D44955 /* Products */ = {
			isa = PBXGroup;
			children = (
				959B580915CEE13C00D44955 /* libOrigamiEngine.a */,
				959B581A15CEE13C00D44955 /* OrigamiEngineTests.octest */,
				955229D615DC23CC002CFB1F /* libOrigamiEngine.a */,
			);
			name = Products;
			sourceTree = "<group>";
		};
		959B580B15CEE13C00D44955 /* Frameworks */ = {
			isa = PBXGroup;
			children = (
				95A3DE3316368B7B008F802D /* FLAC.framework */,
				959B586215CEE1DF00D44955 /* AudioToolbox.framework */,
				959B586015CEE1D900D44955 /* AVFoundation.framework */,
				959B580C15CEE13C00D44955 /* Foundation.framework */,
				959B581B15CEE13C00D44955 /* SenTestingKit.framework */,
			);
			name = Frameworks;
			sourceTree = "<group>";
		};
		959B580E15CEE13C00D44955 /* OrigamiEngine */ = {
			isa = PBXGroup;
			children = (
				95EE6A6B15D26746001AD694 /* Plugin */,
				959B583915CEE17200D44955 /* ORGMEngine.h */,
				959B583515CEE17200D44955 /* ORGMEngine.m */,
				959B583715CEE17200D44955 /* ORGMConverter.h */,
				959B583415CEE17200D44955 /* ORGMConverter.m */,
				959B583615CEE17200D44955 /* ORGMOutputUnit.h */,
				959B583815CEE17200D44955 /* ORGMOutputUnit.m */,
				959B583B15CEE17200D44955 /* ORGMAudioUnit.h */,
				959B583C15CEE17200D44955 /* ORGMAudioUnit.m */,
				959B583E15CEE17200D44955 /* ORGMInputUnit.h */,
				959B583D15CEE17200D44955 /* ORGMInputUnit.m */,
				959B583F15CEE17200D44955 /* ORGMQueues.h */,
				959B583A15CEE17200D44955 /* ORGMQueues.m */,
				95EE6A2E15D2629E001AD694 /* ORGMCommonProtocols.h */,
				95317ADA15D43C7A0029D115 /* ORGMPluginManager.h */,
				95317ADB15D43C7A0029D115 /* ORGMPluginManager.m */,
				959B580F15CEE13C00D44955 /* Supporting Files */,
			);
			path = OrigamiEngine;
			sourceTree = "<group>";
		};
		959B580F15CEE13C00D44955 /* Supporting Files */ = {
			isa = PBXGroup;
			children = (
				959B581015CEE13C00D44955 /* OrigamiEngine-Prefix.pch */,
			);
			name = "Supporting Files";
			sourceTree = "<group>";
		};
		959B582315CEE13C00D44955 /* OrigamiEngineTests */ = {
			isa = PBXGroup;
			children = (
				959B582415CEE13C00D44955 /* Supporting Files */,
				95317B5715D51A410029D115 /* CueSheetTests.h */,
				95317B5815D51A410029D115 /* CueSheetTests.m */,
				95317BA615D566450029D115 /* M3UTests.h */,
				95317BA715D566460029D115 /* M3UTests.m */,
				950B03AF15DAB43400C2365B /* EngineTests.h */,
				950B03B015DAB43400C2365B /* EngineTests.m */,
				950B03B515DAB5E600C2365B /* InputUnitTests.h */,
				950B03B615DAB5E600C2365B /* InputUnitTests.m */,
				950B03BB15DAD05F00C2365B /* ConverterUnitTests.h */,
				950B03BC15DAD05F00C2365B /* ConverterUnitTests.m */,
				950B03BE15DAD6EC00C2365B /* OutputUnitTests.h */,
				950B03BF15DAD6EC00C2365B /* OutputUnitTests.m */,
				950B12A215DAF073001E35FE /* PluginManagerTests.h */,
				950B12A315DAF073001E35FE /* PluginManagerTests.m */,
				950B12A615DB90A4001E35FE /* FlacDecoderTests.h */,
				950B12A715DB90A4001E35FE /* FlacDecoderTests.m */,
				950B12A915DB9644001E35FE /* CoreAudioDecoderTests.h */,
				950B12AA15DB9644001E35FE /* CoreAudioDecoderTests.m */,
				9536D2A115DB9D3F0098A77C /* CusSheetDecoderTests.h */,
				9536D2A215DB9D3F0098A77C /* CusSheetDecoderTests.m */,
				9536D2A715DBABB10098A77C /* FileSourceTests.h */,
				9536D2A815DBABB10098A77C /* FileSourceTests.m */,
				95B2920F15DBD3390031017D /* HTTPSourceTests.h */,
				95B2921015DBD3390031017D /* HTTPSourceTests.m */,
			);
			path = OrigamiEngineTests;
			sourceTree = "<group>";
		};
		959B582415CEE13C00D44955 /* Supporting Files */ = {
			isa = PBXGroup;
			children = (
				95317B5C15D51B060029D115 /* fixtures */,
				959B582515CEE13C00D44955 /* OrigamiEngineTests-Info.plist */,
				959B582615CEE13C00D44955 /* InfoPlist.strings */,
			);
			name = "Supporting Files";
			sourceTree = "<group>";
		};
		95EE6A6B15D26746001AD694 /* Plugin */ = {
			isa = PBXGroup;
			children = (
				95EE6A6C15D26758001AD694 /* CoreAudioDecoder.h */,
				95EE6A6D15D26758001AD694 /* CoreAudioDecoder.m */,
				95317ADF15D444FE0029D115 /* CueSheet.h */,
				95317AE015D444FE0029D115 /* CueSheet.m */,
				95317AE715D445000029D115 /* CueSheetTrack.h */,
				95317AE815D445000029D115 /* CueSheetTrack.m */,
				95317AE115D444FF0029D115 /* CueSheetContainer.h */,
				95317AE215D444FF0029D115 /* CueSheetContainer.m */,
				95317AE315D444FF0029D115 /* CueSheetDecoder.h */,
				95317AE415D444FF0029D115 /* CueSheetDecoder.m */,
				9520746415D281DC00E0D0CB /* FileSource.h */,
				9520746515D281DC00E0D0CB /* FileSource.m */,
				95EE6A7E15D26811001AD694 /* FlacDecoder.h */,
				95EE6A7F15D26811001AD694 /* FlacDecoder.m */,
				95EE6A7B15D267D5001AD694 /* HTTPSource.h */,
				95EE6A7C15D267D5001AD694 /* HTTPSource.m */,
				95317BA115D552A90029D115 /* M3uContainer.h */,
				95317BA215D552AA0029D115 /* M3uContainer.m */,
			);
			name = Plugin;
			sourceTree = "<group>";
		};
/* End PBXGroup section */

/* Begin PBXNativeTarget section */
		955229BB15DC23CC002CFB1F /* OrigamiEngineFlacEmbeeded */ = {
			isa = PBXNativeTarget;
			buildConfigurationList = 955229D315DC23CC002CFB1F /* Build configuration list for PBXNativeTarget "OrigamiEngineFlacEmbeeded" */;
			buildPhases = (
				955229BC15DC23CC002CFB1F /* Sources */,
				955229CD15DC23CC002CFB1F /* Frameworks */,
				955229D215DC23CC002CFB1F /* CopyFiles */,
			);
			buildRules = (
			);
			dependencies = (
			);
			name = OrigamiEngineFlacEmbeeded;
			productName = OrigamiEngine;
			productReference = 955229D615DC23CC002CFB1F /* libOrigamiEngine.a */;
			productType = "com.apple.product-type.library.static";
		};
		959B580815CEE13C00D44955 /* OrigamiEngine */ = {
			isa = PBXNativeTarget;
			buildConfigurationList = 959B582E15CEE13C00D44955 /* Build configuration list for PBXNativeTarget "OrigamiEngine" */;
			buildPhases = (
				959B580515CEE13C00D44955 /* Sources */,
				959B580615CEE13C00D44955 /* Frameworks */,
				959B580715CEE13C00D44955 /* CopyFiles */,
			);
			buildRules = (
			);
			dependencies = (
			);
			name = OrigamiEngine;
			productName = OrigamiEngine;
			productReference = 959B580915CEE13C00D44955 /* libOrigamiEngine.a */;
			productType = "com.apple.product-type.library.static";
		};
		959B581915CEE13C00D44955 /* OrigamiEngineTests */ = {
			isa = PBXNativeTarget;
			buildConfigurationList = 959B583115CEE13C00D44955 /* Build configuration list for PBXNativeTarget "OrigamiEngineTests" */;
			buildPhases = (
				959B581515CEE13C00D44955 /* Sources */,
				959B581615CEE13C00D44955 /* Frameworks */,
				959B581715CEE13C00D44955 /* Resources */,
				959B581815CEE13C00D44955 /* ShellScript */,
			);
			buildRules = (
			);
			dependencies = (
				959B582115CEE13C00D44955 /* PBXTargetDependency */,
			);
			name = OrigamiEngineTests;
			productName = OrigamiEngineTests;
			productReference = 959B581A15CEE13C00D44955 /* OrigamiEngineTests.octest */;
			productType = "com.apple.product-type.bundle";
		};
/* End PBXNativeTarget section */

/* Begin PBXProject section */
		959B580015CEE13C00D44955 /* Project object */ = {
			isa = PBXProject;
			attributes = {
				LastUpgradeCheck = 0440;
			};
			buildConfigurationList = 959B580315CEE13C00D44955 /* Build configuration list for PBXProject "OrigamiEngine" */;
			compatibilityVersion = "Xcode 3.2";
			developmentRegion = English;
			hasScannedForEncodings = 0;
			knownRegions = (
				en,
			);
			mainGroup = 959B57FE15CEE13C00D44955;
			productRefGroup = 959B580A15CEE13C00D44955 /* Products */;
			projectDirPath = "";
			projectRoot = "";
			targets = (
				959B580815CEE13C00D44955 /* OrigamiEngine */,
				959B581915CEE13C00D44955 /* OrigamiEngineTests */,
				955229BB15DC23CC002CFB1F /* OrigamiEngineFlacEmbeeded */,
			);
		};
/* End PBXProject section */

/* Begin PBXResourcesBuildPhase section */
		959B581715CEE13C00D44955 /* Resources */ = {
			isa = PBXResourcesBuildPhase;
			buildActionMask = 2147483647;
			files = (
				959B582815CEE13C00D44955 /* InfoPlist.strings in Resources */,
				95317B5F15D51B060029D115 /* multi_file.cue in Resources */,
				95317B6015D51B060029D115 /* single_file.cue in Resources */,
				95317BA515D552FC0029D115 /* test.m3u in Resources */,
				950B03B415DAB58A00C2365B /* multiple-vc.flac in Resources */,
				950B12AD15DB96A8001E35FE /* id3v22-tda.mp3 in Resources */,
				9536D2A615DB9DD10098A77C /* multiple-vc.cue in Resources */,
			);
			runOnlyForDeploymentPostprocessing = 0;
		};
/* End PBXResourcesBuildPhase section */

/* Begin PBXShellScriptBuildPhase section */
		959B581815CEE13C00D44955 /* ShellScript */ = {
			isa = PBXShellScriptBuildPhase;
			buildActionMask = 2147483647;
			files = (
			);
			inputPaths = (
			);
			outputPaths = (
			);
			runOnlyForDeploymentPostprocessing = 0;
			shellPath = /bin/sh;
			shellScript = "# Run the unit tests in this test bundle.\n\"${SYSTEM_DEVELOPER_DIR}/Tools/RunUnitTests\"\n";
		};
/* End PBXShellScriptBuildPhase section */

/* Begin PBXSourcesBuildPhase section */
		955229BC15DC23CC002CFB1F /* Sources */ = {
			isa = PBXSourcesBuildPhase;
			buildActionMask = 2147483647;
			files = (
				955229BD15DC23CC002CFB1F /* FileSource.m in Sources */,
				955229BE15DC23CC002CFB1F /* ORGMConverter.m in Sources */,
				955229BF15DC23CC002CFB1F /* ORGMEngine.m in Sources */,
				955229C015DC23CC002CFB1F /* ORGMOutputUnit.m in Sources */,
				955229C115DC23CC002CFB1F /* ORGMQueues.m in Sources */,
				955229C215DC23CC002CFB1F /* ORGMAudioUnit.m in Sources */,
				955229C315DC23CC002CFB1F /* ORGMInputUnit.m in Sources */,
				955229C415DC23CC002CFB1F /* FlacDecoder.m in Sources */,
				955229C515DC23CC002CFB1F /* CoreAudioDecoder.m in Sources */,
				955229C615DC23CC002CFB1F /* HTTPSource.m in Sources */,
				955229C715DC23CC002CFB1F /* ORGMPluginManager.m in Sources */,
				955229C815DC23CC002CFB1F /* CueSheet.m in Sources */,
				955229C915DC23CC002CFB1F /* CueSheetContainer.m in Sources */,
				955229CA15DC23CC002CFB1F /* CueSheetDecoder.m in Sources */,
				955229CB15DC23CC002CFB1F /* CueSheetTrack.m in Sources */,
				955229CC15DC23CC002CFB1F /* M3uContainer.m in Sources */,
			);
			runOnlyForDeploymentPostprocessing = 0;
		};
		959B580515CEE13C00D44955 /* Sources */ = {
			isa = PBXSourcesBuildPhase;
			buildActionMask = 2147483647;
			files = (
				95317ADE15D443430029D115 /* FileSource.m in Sources */,
				959B584015CEE17200D44955 /* ORGMConverter.m in Sources */,
				959B584215CEE17200D44955 /* ORGMEngine.m in Sources */,
				959B584415CEE17200D44955 /* ORGMOutputUnit.m in Sources */,
				959B584615CEE17200D44955 /* ORGMQueues.m in Sources */,
				959B584815CEE17200D44955 /* ORGMAudioUnit.m in Sources */,
				959B584A15CEE17200D44955 /* ORGMInputUnit.m in Sources */,
				95EE6A8015D26811001AD694 /* FlacDecoder.m in Sources */,
				95EE6A8315D2687B001AD694 /* CoreAudioDecoder.m in Sources */,
				95EE6A8215D26876001AD694 /* HTTPSource.m in Sources */,
				95317ADC15D43C7B0029D115 /* ORGMPluginManager.m in Sources */,
				95317AE915D445010029D115 /* CueSheet.m in Sources */,
				95317AEA15D445010029D115 /* CueSheetContainer.m in Sources */,
				95317AEB15D445010029D115 /* CueSheetDecoder.m in Sources */,
				95317AED15D445010029D115 /* CueSheetTrack.m in Sources */,
				95317BA315D552AC0029D115 /* M3uContainer.m in Sources */,
			);
			runOnlyForDeploymentPostprocessing = 0;
		};
		959B581515CEE13C00D44955 /* Sources */ = {
			isa = PBXSourcesBuildPhase;
			buildActionMask = 2147483647;
			files = (
				95317B5915D51A410029D115 /* CueSheetTests.m in Sources */,
				95317BA815D566460029D115 /* M3UTests.m in Sources */,
				950B03B115DAB43400C2365B /* EngineTests.m in Sources */,
				950B03B715DAB5E600C2365B /* InputUnitTests.m in Sources */,
				950B03BD15DAD05F00C2365B /* ConverterUnitTests.m in Sources */,
				950B03C015DAD6EC00C2365B /* OutputUnitTests.m in Sources */,
				950B12A415DAF073001E35FE /* PluginManagerTests.m in Sources */,
				950B12A815DB90A4001E35FE /* FlacDecoderTests.m in Sources */,
				950B12AB15DB9644001E35FE /* CoreAudioDecoderTests.m in Sources */,
				9536D2A315DB9D3F0098A77C /* CusSheetDecoderTests.m in Sources */,
				9536D2A915DBABB10098A77C /* FileSourceTests.m in Sources */,
				95B2921115DBD3390031017D /* HTTPSourceTests.m in Sources */,
			);
			runOnlyForDeploymentPostprocessing = 0;
		};
/* End PBXSourcesBuildPhase section */

/* Begin PBXTargetDependency section */
		959B582115CEE13C00D44955 /* PBXTargetDependency */ = {
			isa = PBXTargetDependency;
			target = 959B580815CEE13C00D44955 /* OrigamiEngine */;
			targetProxy = 959B582015CEE13C00D44955 /* PBXContainerItemProxy */;
		};
/* End PBXTargetDependency section */

/* Begin PBXVariantGroup section */
		959B582615CEE13C00D44955 /* InfoPlist.strings */ = {
			isa = PBXVariantGroup;
			children = (
				959B582715CEE13C00D44955 /* en */,
			);
			name = InfoPlist.strings;
			sourceTree = "<group>";
		};
/* End PBXVariantGroup section */

/* Begin XCBuildConfiguration section */
		955229D415DC23CC002CFB1F /* Debug */ = {
			isa = XCBuildConfiguration;
			buildSettings = {
				DSTROOT = /tmp/OrigamiEngine.dst;
				GCC_PRECOMPILE_PREFIX_HEADER = YES;
				GCC_PREFIX_HEADER = "OrigamiEngine/OrigamiEngine-Prefix.pch";
				HEADER_SEARCH_PATHS = "\"$(SRCROOT)/Audio-Frameworks/bin/flac/headers\"";
				LIBRARY_SEARCH_PATHS = "\"$(SRCROOT)/Audio-Frameworks/bin/flac\"";
				OTHER_LDFLAGS = (
					"-ObjC",
					"-lFLAC",
				);
				PRODUCT_NAME = OrigamiEngine;
				SKIP_INSTALL = YES;
			};
			name = Debug;
		};
		955229D515DC23CC002CFB1F /* Release */ = {
			isa = XCBuildConfiguration;
			buildSettings = {
				DSTROOT = /tmp/OrigamiEngine.dst;
				GCC_PRECOMPILE_PREFIX_HEADER = YES;
				GCC_PREFIX_HEADER = "OrigamiEngine/OrigamiEngine-Prefix.pch";
				HEADER_SEARCH_PATHS = "\"$(SRCROOT)/Audio-Frameworks/bin/flac/headers\"";
				LIBRARY_SEARCH_PATHS = "\"$(SRCROOT)/Audio-Frameworks/bin/flac\"";
				OTHER_LDFLAGS = (
					"-ObjC",
					"-lFLAC",
				);
				PRODUCT_NAME = OrigamiEngine;
				SKIP_INSTALL = YES;
			};
			name = Release;
		};
		959B582C15CEE13C00D44955 /* Debug */ = {
			isa = XCBuildConfiguration;
			buildSettings = {
				ALWAYS_SEARCH_USER_PATHS = NO;
				ARCHS = "$(ARCHS_STANDARD_32_BIT)";
				CLANG_CXX_LANGUAGE_STANDARD = "gnu++0x";
				CLANG_WARN__DUPLICATE_METHOD_MATCH = YES;
				COPY_PHASE_STRIP = NO;
				GCC_C_LANGUAGE_STANDARD = gnu99;
				GCC_DYNAMIC_NO_PIC = NO;
				GCC_OPTIMIZATION_LEVEL = 0;
				GCC_PREPROCESSOR_DEFINITIONS = (
					"DEBUG=1",
					"$(inherited)",
				);
				GCC_SYMBOLS_PRIVATE_EXTERN = NO;
				GCC_VERSION = com.apple.compilers.llvm.clang.1_0;
				GCC_WARN_ABOUT_RETURN_TYPE = YES;
				GCC_WARN_UNINITIALIZED_AUTOS = YES;
				GCC_WARN_UNUSED_VARIABLE = YES;
				IPHONEOS_DEPLOYMENT_TARGET = 5.1;
				SDKROOT = iphoneos;
			};
			name = Debug;
		};
		959B582D15CEE13C00D44955 /* Release */ = {
			isa = XCBuildConfiguration;
			buildSettings = {
				ALWAYS_SEARCH_USER_PATHS = NO;
				ARCHS = "$(ARCHS_STANDARD_32_BIT)";
				CLANG_CXX_LANGUAGE_STANDARD = "gnu++0x";
				CLANG_WARN__DUPLICATE_METHOD_MATCH = YES;
				COPY_PHASE_STRIP = YES;
				GCC_C_LANGUAGE_STANDARD = gnu99;
				GCC_VERSION = com.apple.compilers.llvm.clang.1_0;
				GCC_WARN_ABOUT_RETURN_TYPE = YES;
				GCC_WARN_UNINITIALIZED_AUTOS = YES;
				GCC_WARN_UNUSED_VARIABLE = YES;
				IPHONEOS_DEPLOYMENT_TARGET = 5.1;
				SDKROOT = iphoneos;
				VALIDATE_PRODUCT = YES;
			};
			name = Release;
		};
		959B582F15CEE13C00D44955 /* Debug */ = {
			isa = XCBuildConfiguration;
			buildSettings = {
				DSTROOT = /tmp/OrigamiEngine.dst;
				FRAMEWORK_SEARCH_PATHS = (
					"$(inherited)",
					"\"$(SRCROOT)/Audio-Frameworks/bin/flac\"",
				);
				GCC_PRECOMPILE_PREFIX_HEADER = YES;
				GCC_PREFIX_HEADER = "OrigamiEngine/OrigamiEngine-Prefix.pch";
				OTHER_LDFLAGS = "-ObjC";
				PRODUCT_NAME = "$(TARGET_NAME)";
				SKIP_INSTALL = YES;
			};
			name = Debug;
		};
		959B583015CEE13C00D44955 /* Release */ = {
			isa = XCBuildConfiguration;
			buildSettings = {
				DSTROOT = /tmp/OrigamiEngine.dst;
				FRAMEWORK_SEARCH_PATHS = (
					"$(inherited)",
					"\"$(SRCROOT)/Audio-Frameworks/bin/flac\"",
				);
				GCC_PRECOMPILE_PREFIX_HEADER = YES;
				GCC_PREFIX_HEADER = "OrigamiEngine/OrigamiEngine-Prefix.pch";
				OTHER_LDFLAGS = "-ObjC";
				PRODUCT_NAME = "$(TARGET_NAME)";
				SKIP_INSTALL = YES;
			};
			name = Release;
		};
		959B583215CEE13C00D44955 /* Debug */ = {
			isa = XCBuildConfiguration;
			buildSettings = {
				FRAMEWORK_SEARCH_PATHS = (
					"\"$(SDKROOT)/Developer/Library/Frameworks\"",
					"\"$(DEVELOPER_LIBRARY_DIR)/Frameworks\"",
					"\"$(SRCROOT)/Audio-Frameworks/bin/flac\"",
				);
				GCC_PRECOMPILE_PREFIX_HEADER = YES;
				GCC_PREFIX_HEADER = "OrigamiEngine/OrigamiEngine-Prefix.pch";
				INFOPLIST_FILE = "OrigamiEngineTests/OrigamiEngineTests-Info.plist";
				PRODUCT_NAME = "$(TARGET_NAME)";
				WRAPPER_EXTENSION = octest;
			};
			name = Debug;
		};
		959B583315CEE13C00D44955 /* Release */ = {
			isa = XCBuildConfiguration;
			buildSettings = {
				FRAMEWORK_SEARCH_PATHS = (
					"\"$(SDKROOT)/Developer/Library/Frameworks\"",
					"\"$(DEVELOPER_LIBRARY_DIR)/Frameworks\"",
					"\"$(SRCROOT)/Audio-Frameworks/bin/flac\"",
				);
				GCC_PRECOMPILE_PREFIX_HEADER = YES;
				GCC_PREFIX_HEADER = "OrigamiEngine/OrigamiEngine-Prefix.pch";
				INFOPLIST_FILE = "OrigamiEngineTests/OrigamiEngineTests-Info.plist";
				PRODUCT_NAME = "$(TARGET_NAME)";
				WRAPPER_EXTENSION = octest;
			};
			name = Release;
		};
/* End XCBuildConfiguration section */

/* Begin XCConfigurationList section */
		955229D315DC23CC002CFB1F /* Build configuration list for PBXNativeTarget "OrigamiEngineFlacEmbeeded" */ = {
			isa = XCConfigurationList;
			buildConfigurations = (
				955229D415DC23CC002CFB1F /* Debug */,
				955229D515DC23CC002CFB1F /* Release */,
			);
			defaultConfigurationIsVisible = 0;
			defaultConfigurationName = Release;
		};
		959B580315CEE13C00D44955 /* Build configuration list for PBXProject "OrigamiEngine" */ = {
			isa = XCConfigurationList;
			buildConfigurations = (
				959B582C15CEE13C00D44955 /* Debug */,
				959B582D15CEE13C00D44955 /* Release */,
			);
			defaultConfigurationIsVisible = 0;
			defaultConfigurationName = Release;
		};
		959B582E15CEE13C00D44955 /* Build configuration list for PBXNativeTarget "OrigamiEngine" */ = {
			isa = XCConfigurationList;
			buildConfigurations = (
				959B582F15CEE13C00D44955 /* Debug */,
				959B583015CEE13C00D44955 /* Release */,
			);
			defaultConfigurationIsVisible = 0;
			defaultConfigurationName = Release;
		};
		959B583115CEE13C00D44955 /* Build configuration list for PBXNativeTarget "OrigamiEngineTests" */ = {
			isa = XCConfigurationList;
			buildConfigurations = (
				959B583215CEE13C00D44955 /* Debug */,
				959B583315CEE13C00D44955 /* Release */,
			);
			defaultConfigurationIsVisible = 0;
			defaultConfigurationName = Release;
		};
/* End XCConfigurationList section */
	};
	rootObject = 959B580015CEE13C00D44955 /* Project object */;
}
